
Microsoft Visual Studio Solution File, Format Version 12.00
# Visual Studio Version 17
VisualStudioVersion = 17.14.36401.2
MinimumVisualStudioVersion = 10.0.40219.1
Project("{2150E333-8FDC-42A3-9474-1A3956D46DE8}") = "Unidad 1", "Unidad 1", "{02EA681E-C7D8-13C7-8484-4AC65E1B71E8}"
EndProject
Project("{2150E333-8FDC-42A3-9474-1A3956D46DE8}") = "Unidad 2", "Unidad 2", "{BE82847F-F715-4761-A566-64954528ADB8}"
EndProject
Project("{2150E333-8FDC-42A3-9474-1A3956D46DE8}") = "Unidad 4", "Unidad 4", "{EB2C258B-F1DD-4518-A64E-7FBD2C37D2FB}"
EndProject
Project("{2150E333-8FDC-42A3-9474-1A3956D46DE8}") = "Unidad 3", "Unidad 3", "{369CB01D-A1A7-72D2-AABC-3F0945D148A2}"
EndProject
Project("{2150E333-8FDC-42A3-9474-1A3956D46DE8}") = "Unidad 5", "Unidad 5", "{101CF035-2A3F-4963-8914-E4A2F93465AC}"
EndProject
Project("{2150E333-8FDC-42A3-9474-1A3956D46DE8}") = "Clase 1 11.08.2025", "Clase 1 11.08.2025", "{619FC6E8-2596-49FF-A33B-19E728EFFE87}"
EndProject
Project("{FAE04EC0-301F-11D3-BF4B-00C04F79EFBC}") = "ConsoleApp1", "ConsoleApp1\ConsoleApp1.csproj", "{85EB606D-3757-491D-8AA3-696A93E5D17F}"
EndProject
Project("{FAE04EC0-301F-11D3-BF4B-00C04F79EFBC}") = "ConsoleApp2", "ConsoleApp2\ConsoleApp2.csproj", "{A1E75CA6-4793-4059-A361-15C53397D965}"
EndProject
Project("{FAE04EC0-301F-11D3-BF4B-00C04F79EFBC}") = "ConsoleApp3", "ConsoleApp3\ConsoleApp3.csproj", "{A73361D5-81BB-456A-AF86-BE43C465B0EA}"
EndProject
Project("{2150E333-8FDC-42A3-9474-1A3956D46DE8}") = "Clase 2 18.08.2025", "Clase 2 18.08.2025", "{393ABAB1-DE5D-47F6-B348-36E257DD41F2}"
EndProject
Project("{FAE04EC0-301F-11D3-BF4B-00C04F79EFBC}") = "ConsoleApp4", "ConsoleApp4\ConsoleApp4.csproj", "{C30A576F-E9AD-48EA-A7A7-838847BE55F2}"
EndProject
Project("{FAE04EC0-301F-11D3-BF4B-00C04F79EFBC}") = "MedicareLabs", "MedicareLabs\MedicareLabs.csproj", "{070D632D-9A47-4200-BE99-5BB89A81C40A}"
EndProject
Project("{FAE04EC0-301F-11D3-BF4B-00C04F79EFBC}") = "WinFormsApp1", "WinFormsApp1\WinFormsApp1.csproj", "{93D0F25D-4B15-4C1A-9820-0A882232B536}"
EndProject
Project("{2150E333-8FDC-42A3-9474-1A3956D46DE8}") = "Clase 3 25.08.2025", "Clase 3 25.08.2025", "{72A7653A-9260-43AE-B055-3837C94C1D1B}"
EndProject
Project("{FAE04EC0-301F-11D3-BF4B-00C04F79EFBC}") = "Escritorio 1", "WinFormsApp2\Escritorio 1.csproj", "{294311D0-C190-4625-91C9-610358B2DC83}"
EndProject
Global
	GlobalSection(SolutionConfigurationPlatforms) = preSolution
		Debug|Any CPU = Debug|Any CPU
		Release|Any CPU = Release|Any CPU
	EndGlobalSection
	GlobalSection(ProjectConfigurationPlatforms) = postSolution
		{85EB606D-3757-491D-8AA3-696A93E5D17F}.Debug|Any CPU.ActiveCfg = Debug|Any CPU
		{85EB606D-3757-491D-8AA3-696A93E5D17F}.Debug|Any CPU.Build.0 = Debug|Any CPU
		{85EB606D-3757-491D-8AA3-696A93E5D17F}.Release|Any CPU.ActiveCfg = Release|Any CPU
		{85EB606D-3757-491D-8AA3-696A93E5D17F}.Release|Any CPU.Build.0 = Release|Any CPU
		{A1E75CA6-4793-4059-A361-15C53397D965}.Debug|Any CPU.ActiveCfg = Debug|Any CPU
		{A1E75CA6-4793-4059-A361-15C53397D965}.Debug|Any CPU.Build.0 = Debug|Any CPU
		{A1E75CA6-4793-4059-A361-15C53397D965}.Release|Any CPU.ActiveCfg = Release|Any CPU
		{A1E75CA6-4793-4059-A361-15C53397D965}.Release|Any CPU.Build.0 = Release|Any CPU
		{A73361D5-81BB-456A-AF86-BE43C465B0EA}.Debug|Any CPU.ActiveCfg = Debug|Any CPU
		{A73361D5-81BB-456A-AF86-BE43C465B0EA}.Debug|Any CPU.Build.0 = Debug|Any CPU
		{A73361D5-81BB-456A-AF86-BE43C465B0EA}.Release|Any CPU.ActiveCfg = Release|Any CPU
		{A73361D5-81BB-456A-AF86-BE43C465B0EA}.Release|Any CPU.Build.0 = Release|Any CPU
		{C30A576F-E9AD-48EA-A7A7-838847BE55F2}.Debug|Any CPU.ActiveCfg = Debug|Any CPU
		{C30A576F-E9AD-48EA-A7A7-838847BE55F2}.Debug|Any CPU.Build.0 = Debug|Any CPU
		{C30A576F-E9AD-48EA-A7A7-838847BE55F2}.Release|Any CPU.ActiveCfg = Release|Any CPU
		{C30A576F-E9AD-48EA-A7A7-838847BE55F2}.Release|Any CPU.Build.0 = Release|Any CPU
		{070D632D-9A47-4200-BE99-5BB89A81C40A}.Debug|Any CPU.ActiveCfg = Debug|Any CPU
		{070D632D-9A47-4200-BE99-5BB89A81C40A}.Debug|Any CPU.Build.0 = Debug|Any CPU
		{070D632D-9A47-4200-BE99-5BB89A81C40A}.Release|Any CPU.ActiveCfg = Release|Any CPU
		{070D632D-9A47-4200-BE99-5BB89A81C40A}.Release|Any CPU.Build.0 = Release|Any CPU
		{93D0F25D-4B15-4C1A-9820-0A882232B536}.Debug|Any CPU.ActiveCfg = Debug|Any CPU
		{93D0F25D-4B15-4C1A-9820-0A882232B536}.Debug|Any CPU.Build.0 = Debug|Any CPU
		{93D0F25D-4B15-4C1A-9820-0A882232B536}.Release|Any CPU.ActiveCfg = Release|Any CPU
		{93D0F25D-4B15-4C1A-9820-0A882232B536}.Release|Any CPU.Build.0 = Release|Any CPU
		{294311D0-C190-4625-91C9-610358B2DC83}.Debug|Any CPU.ActiveCfg = Debug|Any CPU
		{294311D0-C190-4625-91C9-610358B2DC83}.Debug|Any CPU.Build.0 = Debug|Any CPU
		{294311D0-C190-4625-91C9-610358B2DC83}.Release|Any CPU.ActiveCfg = Release|Any CPU
		{294311D0-C190-4625-91C9-610358B2DC83}.Release|Any CPU.Build.0 = Release|Any CPU
	EndGlobalSection
	GlobalSection(SolutionProperties) = preSolution
		HideSolutionNode = FALSE
	EndGlobalSection
	GlobalSection(NestedProjects) = preSolution
		{619FC6E8-2596-49FF-A33B-19E728EFFE87} = {02EA681E-C7D8-13C7-8484-4AC65E1B71E8}
		{85EB606D-3757-491D-8AA3-696A93E5D17F} = {619FC6E8-2596-49FF-A33B-19E728EFFE87}
		{A1E75CA6-4793-4059-A361-15C53397D965} = {619FC6E8-2596-49FF-A33B-19E728EFFE87}
		{A73361D5-81BB-456A-AF86-BE43C465B0EA} = {619FC6E8-2596-49FF-A33B-19E728EFFE87}
		{393ABAB1-DE5D-47F6-B348-36E257DD41F2} = {02EA681E-C7D8-13C7-8484-4AC65E1B71E8}
		{C30A576F-E9AD-48EA-A7A7-838847BE55F2} = {393ABAB1-DE5D-47F6-B348-36E257DD41F2}
		{070D632D-9A47-4200-BE99-5BB89A81C40A} = {393ABAB1-DE5D-47F6-B348-36E257DD41F2}
		{93D0F25D-4B15-4C1A-9820-0A882232B536} = {393ABAB1-DE5D-47F6-B348-36E257DD41F2}
		{72A7653A-9260-43AE-B055-3837C94C1D1B} = {02EA681E-C7D8-13C7-8484-4AC65E1B71E8}
		{294311D0-C190-4625-91C9-610358B2DC83} = {72A7653A-9260-43AE-B055-3837C94C1D1B}
	EndGlobalSection
	GlobalSection(ExtensibilityGlobals) = postSolution
		SolutionGuid = {DD416583-AF90-4A1E-B4BD-59215859B8D3}
	EndGlobalSection
EndGlobal
